
Microsoft Visual Studio Solution File, Format Version 12.00
# Visual Studio Version 17
VisualStudioVersion = 17.14.36408.4 d17.14
MinimumVisualStudioVersion = 10.0.40219.1
Project("{FAE04EC0-301F-11D3-BF4B-00C04F79EFBC}") = "ConsoleApp", "ConsoleApp\ConsoleApp.csproj", "{776C5910-5964-40B1-820A-79AE4AF42FBC}"
EndProject
Project("{FAE04EC0-301F-11D3-BF4B-00C04F79EFBC}") = "Infrastructure", "Infrastructure\Infrastructure.csproj", "{524B2D10-15CC-43EE-AB4F-1D62BA308937}"
EndProject
Project("{FAE04EC0-301F-11D3-BF4B-00C04F79EFBC}") = "Core", "Core\Core.csproj", "{2C986565-BFE1-4F24-BC89-DFE7063DC274}"
EndProject
Global
	GlobalSection(SolutionConfigurationPlatforms) = preSolution
		Debug|Any CPU = Debug|Any CPU
		Release|Any CPU = Release|Any CPU
	EndGlobalSection
	GlobalSection(ProjectConfigurationPlatforms) = postSolution
		{776C5910-5964-40B1-820A-79AE4AF42FBC}.Debug|Any CPU.ActiveCfg = Debug|Any CPU
		{776C5910-5964-40B1-820A-79AE4AF42FBC}.Debug|Any CPU.Build.0 = Debug|Any CPU
		{776C5910-5964-40B1-820A-79AE4AF42FBC}.Release|Any CPU.ActiveCfg = Release|Any CPU
		{776C5910-5964-40B1-820A-79AE4AF42FBC}.Release|Any CPU.Build.0 = Release|Any CPU
		{524B2D10-15CC-43EE-AB4F-1D62BA308937}.Debug|Any CPU.ActiveCfg = Debug|Any CPU
		{524B2D10-15CC-43EE-AB4F-1D62BA308937}.Debug|Any CPU.Build.0 = Debug|Any CPU
		{524B2D10-15CC-43EE-AB4F-1D62BA308937}.Release|Any CPU.ActiveCfg = Release|Any CPU
		{524B2D10-15CC-43EE-AB4F-1D62BA308937}.Release|Any CPU.Build.0 = Release|Any CPU
		{2C986565-BFE1-4F24-BC89-DFE7063DC274}.Debug|Any CPU.ActiveCfg = Debug|Any CPU
		{2C986565-BFE1-4F24-BC89-DFE7063DC274}.Debug|Any CPU.Build.0 = Debug|Any CPU
		{2C986565-BFE1-4F24-BC89-DFE7063DC274}.Release|Any CPU.ActiveCfg = Release|Any CPU
		{2C986565-BFE1-4F24-BC89-DFE7063DC274}.Release|Any CPU.Build.0 = Release|Any CPU
	EndGlobalSection
	GlobalSection(SolutionProperties) = preSolution
		HideSolutionNode = FALSE
	EndGlobalSection
	GlobalSection(ExtensibilityGlobals) = postSolution
		SolutionGuid = {646F5A81-DA88-4C02-95AC-019FE8A030B7}
	EndGlobalSection
EndGlobal
